
Microsoft Visual Studio Solution File, Format Version 12.00
# Visual Studio Version 17
VisualStudioVersion = 17.11.35327.3
MinimumVisualStudioVersion = 10.0.40219.1
Project("{FAE04EC0-301F-11D3-BF4B-00C04F79EFBC}") = "Proje14-Constructor", "Proje14-Constructor\Proje14-Constructor.csproj", "{2B3C43E4-7B00-4178-83D3-26E638580F32}"
EndProject
Global
	GlobalSection(SolutionConfigurationPlatforms) = preSolution
		Debug|Any CPU = Debug|Any CPU
		Release|Any CPU = Release|Any CPU
	EndGlobalSection
	GlobalSection(ProjectConfigurationPlatforms) = postSolution
		{2B3C43E4-7B00-4178-83D3-26E638580F32}.Debug|Any CPU.ActiveCfg = Debug|Any CPU
		{2B3C43E4-7B00-4178-83D3-26E638580F32}.Debug|Any CPU.Build.0 = Debug|Any CPU
		{2B3C43E4-7B00-4178-83D3-26E638580F32}.Release|Any CPU.ActiveCfg = Release|Any CPU
		{2B3C43E4-7B00-4178-83D3-26E638580F32}.Release|Any CPU.Build.0 = Release|Any CPU
	EndGlobalSection
	GlobalSection(SolutionProperties) = preSolution
		HideSolutionNode = FALSE
	EndGlobalSection
	GlobalSection(ExtensibilityGlobals) = postSolution
		SolutionGuid = {F0F85349-CA4A-44CE-AA2F-A71A95699415}
	EndGlobalSection
EndGlobal
